<?xml version="1.0" encoding="utf-8"?>
<Project ToolsVersion="4.0" xmlns="http://schemas.microsoft.com/developer/msbuild/2003">
  <ItemGroup>
    <Filter Include="Source Files">
      <UniqueIdentifier>{4FC737F1-C7A5-4376-A066-2A32D752A2FF}</UniqueIdentifier>
      <Extensions>cpp;c;cc;cxx;def;odl;idl;hpj;bat;asm;asmx</Extensions>
    </Filter>
    <Filter Include="Header Files">
      <UniqueIdentifier>{93995380-89BD-4b04-88EB-625FBE52EBFB}</UniqueIdentifier>
      <Extensions>h;hh;hpp;hxx;hm;inl;inc;xsd</Extensions>
    </Filter>
    <Filter Include="Resource Files">
      <UniqueIdentifier>{67DA6AB6-F800-4c08-8B7A-83BB121AAD01}</UniqueIdentifier>
      <Extensions>rc;ico;cur;bmp;dlg;rc2;rct;bin;rgs;gif;jpg;jpeg;jpe;resx;tiff;tif;png;wav;mfcribbon-ms</Extensions>
    </Filter>
    <Filter Include="Header Files\Threads">
      <UniqueIdentifier>{b4b75efd-ff2c-451c-9070-88fa529091f7}</UniqueIdentifier>
    </Filter>
    <Filter Include="Source Files\Threads">
      <UniqueIdentifier>{fda104d8-7a30-44bd-be10-789bc9260111}</UniqueIdentifier>
    </Filter>
    <Filter Include="Source Files\Models">
      <UniqueIdentifier>{9ff07c01-4404-423c-a872-ed20aaaa6b54}</UniqueIdentifier>
    </Filter>
    <Filter Include="Source Files\Init">
      <UniqueIdentifier>{3a31de6a-bd00-46ef-b618-ce9dbffce9dd}</UniqueIdentifier>
    </Filter>
    <Filter Include="Header Files\Init">
      <UniqueIdentifier>{c4c05b80-3b22-4a60-8d15-cf2346c58fd3}</UniqueIdentifier>
    </Filter>
    <Filter Include="Header Files\Models">
      <UniqueIdentifier>{330ecbc6-a5dc-448c-9c9c-dd8dec9e29e9}</UniqueIdentifier>
    </Filter>
    <Filter Include="Header Files\Networking">
      <UniqueIdentifier>{04c9e3ae-fcac-4be7-ae1d-46c2de42054e}</UniqueIdentifier>
    </Filter>
    <Filter Include="Source Files\Networking">
      <UniqueIdentifier>{03a8d8b4-24b7-449d-b8f5-7314a685c409}</UniqueIdentifier>
    </Filter>
    <Filter Include="Source Files\Common">
      <UniqueIdentifier>{62fa456d-ed3f-4b98-bffa-9b1364955e4e}</UniqueIdentifier>
    </Filter>
    <Filter Include="Header Files\Common">
      <UniqueIdentifier>{8d3ccd63-25d8-465d-80b0-c5fbda2fcfb1}</UniqueIdentifier>
    </Filter>
  </ItemGroup>
  <ItemGroup>
    <ClInclude Include="Lockable.h">
      <Filter>Header Files\Threads</Filter>
    </ClInclude>
    <ClInclude Include="Lock.h">
      <Filter>Header Files\Threads</Filter>
    </ClInclude>
    <ClInclude Include="stdafx.h">
      <Filter>Header Files\Init</Filter>
    </ClInclude>
    <ClInclude Include="Agent.h">
      <Filter>Header Files\Models</Filter>
    </ClInclude>
    <ClInclude Include="HuntGroup.h">
      <Filter>Header Files\Models</Filter>
    </ClInclude>
    <ClInclude Include="Call.h">
      <Filter>Header Files\Models</Filter>
    </ClInclude>
    <ClInclude Include="Device.h">
      <Filter>Header Files\Models</Filter>
    </ClInclude>
    <ClInclude Include="Node.h">
      <Filter>Header Files\Models</Filter>
    </ClInclude>
    <ClInclude Include="Trunk.h">
      <Filter>Header Files\Models</Filter>
    </ClInclude>
    <ClInclude Include="Feature.h">
      <Filter>Header Files\Models</Filter>
    </ClInclude>
    <ClInclude Include="DND.h">
      <Filter>Header Files\Models</Filter>
    </ClInclude>
    <ClInclude Include="Server.h">
      <Filter>Header Files\Networking</Filter>
    </ClInclude>
    <ClInclude Include="Client.h">
      <Filter>Header Files\Networking</Filter>
    </ClInclude>
    <ClInclude Include="Utils.h">
      <Filter>Header Files\Common</Filter>
    </ClInclude>
  </ItemGroup>
  <ItemGroup>
    <ClCompile Include="stdafx.cpp">
      <Filter>Source Files\Init</Filter>
    </ClCompile>
    <ClCompile Include="Call.cpp">
      <Filter>Source Files\Models</Filter>
    </ClCompile>
    <ClCompile Include="Device.cpp">
      <Filter>Source Files\Models</Filter>
    </ClCompile>
    <ClCompile Include="Agent.cpp">
      <Filter>Source Files\Models</Filter>
    </ClCompile>
    <ClCompile Include="Trunk.cpp">
      <Filter>Source Files\Models</Filter>
    </ClCompile>
    <ClCompile Include="Node.cpp">
      <Filter>Source Files\Models</Filter>
    </ClCompile>
    <ClCompile Include="HuntGroup.cpp">
      <Filter>Source Files\Models</Filter>
    </ClCompile>
    <ClCompile Include="Feature.cpp">
      <Filter>Source Files\Models</Filter>
    </ClCompile>
    <ClCompile Include="DND.cpp">
      <Filter>Source Files\Models</Filter>
    </ClCompile>
    <ClCompile Include="main.cpp">
      <Filter>Source Files\Init</Filter>
    </ClCompile>
    <ClCompile Include="Server.cpp">
      <Filter>Source Files\Networking</Filter>
    </ClCompile>
    <ClCompile Include="Client.cpp">
      <Filter>Source Files\Networking</Filter>
    </ClCompile>
    <ClCompile Include="Utils.cpp">
      <Filter>Source Files\Common</Filter>
    </ClCompile>
  </ItemGroup>
</Project>